PODS:
  - SwiftGen (6.5.1)
  - SwiftLint (0.45.1)

DEPENDENCIES:
  - SwiftGen
  - SwiftLint

SPEC REPOS:
  trunk:
    - SwiftGen
    - SwiftLint

SPEC CHECKSUMS:
  SwiftGen: a6d22010845f08fe18fbdf3a07a8e380fd22e0ea
  SwiftLint: 06ac37e4d38c7068e0935bb30cda95f093bec761

PODFILE CHECKSUM: 475d5c35b80440cc04c267d3fc6ff122c5ad3d6b

COCOAPODS: 1.10.2
