// !$*UTF8*$!
{
	archiveVersion = 1;
	classes = {
	};
	objectVersion = 55;
	objects = {

/* Begin PBXBuildFile section */
		53D3027427806068009C118B /* AppDelegate.swift in Sources */ = {isa = PBXBuildFile; fileRef = 53D3027327806068009C118B /* AppDelegate.swift */; };
		53D3027627806068009C118B /* SceneDelegate.swift in Sources */ = {isa = PBXBuildFile; fileRef = 53D3027527806068009C118B /* SceneDelegate.swift */; };
		53D3027827806068009C118B /* ViewController.swift in Sources */ = {isa = PBXBuildFile; fileRef = 53D3027727806068009C118B /* ViewController.swift */; };
		53D3027B27806068009C118B /* Main.storyboard in Resources */ = {isa = PBXBuildFile; fileRef = 53D3027927806068009C118B /* Main.storyboard */; };
		53D3027D27806069009C118B /* Assets.xcassets in Resources */ = {isa = PBXBuildFile; fileRef = 53D3027C27806069009C118B /* Assets.xcassets */; };
		53D3028027806069009C118B /* LaunchScreen.storyboard in Resources */ = {isa = PBXBuildFile; fileRef = 53D3027E27806069009C118B /* LaunchScreen.storyboard */; };
		53D3028B27806069009C118B /* CTAProjectTests.swift in Sources */ = {isa = PBXBuildFile; fileRef = 53D3028A27806069009C118B /* CTAProjectTests.swift */; };
		53D3029527806069009C118B /* CTAProjectUITests.swift in Sources */ = {isa = PBXBuildFile; fileRef = 53D3029427806069009C118B /* CTAProjectUITests.swift */; };
		53D3029727806069009C118B /* CTAProjectUITestsLaunchTests.swift in Sources */ = {isa = PBXBuildFile; fileRef = 53D3029627806069009C118B /* CTAProjectUITestsLaunchTests.swift */; };
/* End PBXBuildFile section */

/* Begin PBXContainerItemProxy section */
		53D3028727806069009C118B /* PBXContainerItemProxy */ = {
			isa = PBXContainerItemProxy;
			containerPortal = 53D3026827806068009C118B /* Project object */;
			proxyType = 1;
			remoteGlobalIDString = 53D3026F27806068009C118B;
			remoteInfo = CTAProject;
		};
		53D3029127806069009C118B /* PBXContainerItemProxy */ = {
			isa = PBXContainerItemProxy;
			containerPortal = 53D3026827806068009C118B /* Project object */;
			proxyType = 1;
			remoteGlobalIDString = 53D3026F27806068009C118B;
			remoteInfo = CTAProject;
		};
/* End PBXContainerItemProxy section */

/* Begin PBXFileReference section */
		53D3027027806068009C118B /* CTAProject.app */ = {isa = PBXFileReference; explicitFileType = wrapper.application; includeInIndex = 0; path = CTAProject.app; sourceTree = BUILT_PRODUCTS_DIR; };
		53D3027327806068009C118B /* AppDelegate.swift */ = {isa = PBXFileReference; lastKnownFileType = sourcecode.swift; path = AppDelegate.swift; sourceTree = "<group>"; };
		53D3027527806068009C118B /* SceneDelegate.swift */ = {isa = PBXFileReference; lastKnownFileType = sourcecode.swift; path = SceneDelegate.swift; sourceTree = "<group>"; };
		53D3027727806068009C118B /* ViewController.swift */ = {isa = PBXFileReference; lastKnownFileType = sourcecode.swift; path = ViewController.swift; sourceTree = "<group>"; };
		53D3027A27806068009C118B /* Base */ = {isa = PBXFileReference; lastKnownFileType = file.storyboard; name = Base; path = Base.lproj/Main.storyboard; sourceTree = "<group>"; };
		53D3027C27806069009C118B /* Assets.xcassets */ = {isa = PBXFileReference; lastKnownFileType = folder.assetcatalog; path = Assets.xcassets; sourceTree = "<group>"; };
		53D3027F27806069009C118B /* Base */ = {isa = PBXFileReference; lastKnownFileType = file.storyboard; name = Base; path = Base.lproj/LaunchScreen.storyboard; sourceTree = "<group>"; };
		53D3028127806069009C118B /* Info.plist */ = {isa = PBXFileReference; lastKnownFileType = text.plist.xml; path = Info.plist; sourceTree = "<group>"; };
		53D3028627806069009C118B /* CTAProjectTests.xctest */ = {isa = PBXFileReference; explicitFileType = wrapper.cfbundle; includeInIndex = 0; path = CTAProjectTests.xctest; sourceTree = BUILT_PRODUCTS_DIR; };
		53D3028A27806069009C118B /* CTAProjectTests.swift */ = {isa = PBXFileReference; lastKnownFileType = sourcecode.swift; path = CTAProjectTests.swift; sourceTree = "<group>"; };
		53D3029027806069009C118B /* CTAProjectUITests.xctest */ = {isa = PBXFileReference; explicitFileType = wrapper.cfbundle; includeInIndex = 0; path = CTAProjectUITests.xctest; sourceTree = BUILT_PRODUCTS_DIR; };
		53D3029427806069009C118B /* CTAProjectUITests.swift */ = {isa = PBXFileReference; lastKnownFileType = sourcecode.swift; path = CTAProjectUITests.swift; sourceTree = "<group>"; };
		53D3029627806069009C118B /* CTAProjectUITestsLaunchTests.swift */ = {isa = PBXFileReference; lastKnownFileType = sourcecode.swift; path = CTAProjectUITestsLaunchTests.swift; sourceTree = "<group>"; };
/* End PBXFileReference section */

/* Begin PBXFrameworksBuildPhase section */
		53D3026D27806068009C118B /* Frameworks */ = {
			isa = PBXFrameworksBuildPhase;
			buildActionMask = 2147483647;
			files = (
			);
			runOnlyForDeploymentPostprocessing = 0;
		};
		53D3028327806069009C118B /* Frameworks */ = {
			isa = PBXFrameworksBuildPhase;
			buildActionMask = 2147483647;
			files = (
			);
			runOnlyForDeploymentPostprocessing = 0;
		};
		53D3028D27806069009C118B /* Frameworks */ = {
			isa = PBXFrameworksBuildPhase;
			buildActionMask = 2147483647;
			files = (
			);
			runOnlyForDeploymentPostprocessing = 0;
		};
/* End PBXFrameworksBuildPhase section */

/* Begin PBXGroup section */
		53D3026727806068009C118B = {
			isa = PBXGroup;
			children = (
				53D3027227806068009C118B /* CTAProject */,
				53D3028927806069009C118B /* CTAProjectTests */,
				53D3029327806069009C118B /* CTAProjectUITests */,
				53D3027127806068009C118B /* Products */,
			);
			sourceTree = "<group>";
		};
		53D3027127806068009C118B /* Products */ = {
			isa = PBXGroup;
			children = (
				53D3027027806068009C118B /* CTAProject.app */,
				53D3028627806069009C118B /* CTAProjectTests.xctest */,
				53D3029027806069009C118B /* CTAProjectUITests.xctest */,
			);
			name = Products;
			sourceTree = "<group>";
		};
		53D3027227806068009C118B /* CTAProject */ = {
			isa = PBXGroup;
			children = (
				53D3027327806068009C118B /* AppDelegate.swift */,
				53D3027527806068009C118B /* SceneDelegate.swift */,
				53D3027727806068009C118B /* ViewController.swift */,
				53D3027927806068009C118B /* Main.storyboard */,
				53D3027C27806069009C118B /* Assets.xcassets */,
				53D3027E27806069009C118B /* LaunchScreen.storyboard */,
				53D3028127806069009C118B /* Info.plist */,
			);
			path = CTAProject;
			sourceTree = "<group>";
		};
		53D3028927806069009C118B /* CTAProjectTests */ = {
			isa = PBXGroup;
			children = (
				53D3028A27806069009C118B /* CTAProjectTests.swift */,
			);
			path = CTAProjectTests;
			sourceTree = "<group>";
		};
		53D3029327806069009C118B /* CTAProjectUITests */ = {
			isa = PBXGroup;
			children = (
				53D3029427806069009C118B /* CTAProjectUITests.swift */,
				53D3029627806069009C118B /* CTAProjectUITestsLaunchTests.swift */,
			);
			path = CTAProjectUITests;
			sourceTree = "<group>";
		};
/* End PBXGroup section */

/* Begin PBXNativeTarget section */
		53D3026F27806068009C118B /* CTAProject */ = {
			isa = PBXNativeTarget;
			buildConfigurationList = 53D3029A27806069009C118B /* Build configuration list for PBXNativeTarget "CTAProject" */;
			buildPhases = (
				53D3026C27806068009C118B /* Sources */,
				53D3026D27806068009C118B /* Frameworks */,
				53D3026E27806068009C118B /* Resources */,
			);
			buildRules = (
			);
			dependencies = (
			);
			name = CTAProject;
			productName = CTAProject;
			productReference = 53D3027027806068009C118B /* CTAProject.app */;
			productType = "com.apple.product-type.application";
		};
		53D3028527806069009C118B /* CTAProjectTests */ = {
			isa = PBXNativeTarget;
			buildConfigurationList = 53D3029D27806069009C118B /* Build configuration list for PBXNativeTarget "CTAProjectTests" */;
			buildPhases = (
				53D3028227806069009C118B /* Sources */,
				53D3028327806069009C118B /* Frameworks */,
				53D3028427806069009C118B /* Resources */,
			);
			buildRules = (
			);
			dependencies = (
				53D3028827806069009C118B /* PBXTargetDependency */,
			);
			name = CTAProjectTests;
			productName = CTAProjectTests;
			productReference = 53D3028627806069009C118B /* CTAProjectTests.xctest */;
			productType = "com.apple.product-type.bundle.unit-test";
		};
		53D3028F27806069009C118B /* CTAProjectUITests */ = {
			isa = PBXNativeTarget;
			buildConfigurationList = 53D302A027806069009C118B /* Build configuration list for PBXNativeTarget "CTAProjectUITests" */;
			buildPhases = (
				53D3028C27806069009C118B /* Sources */,
				53D3028D27806069009C118B /* Frameworks */,
				53D3028E27806069009C118B /* Resources */,
			);
			buildRules = (
			);
			dependencies = (
				53D3029227806069009C118B /* PBXTargetDependency */,
			);
			name = CTAProjectUITests;
			productName = CTAProjectUITests;
			productReference = 53D3029027806069009C118B /* CTAProjectUITests.xctest */;
			productType = "com.apple.product-type.bundle.ui-testing";
		};
/* End PBXNativeTarget section */

/* Begin PBXProject section */
		53D3026827806068009C118B /* Project object */ = {
			isa = PBXProject;
			attributes = {
				BuildIndependentTargetsInParallel = 1;
				LastSwiftUpdateCheck = 1320;
				LastUpgradeCheck = 1320;
				TargetAttributes = {
					53D3026F27806068009C118B = {
						CreatedOnToolsVersion = 13.2.1;
					};
					53D3028527806069009C118B = {
						CreatedOnToolsVersion = 13.2.1;
						TestTargetID = 53D3026F27806068009C118B;
					};
					53D3028F27806069009C118B = {
						CreatedOnToolsVersion = 13.2.1;
						TestTargetID = 53D3026F27806068009C118B;
					};
				};
			};
			buildConfigurationList = 53D3026B27806068009C118B /* Build configuration list for PBXProject "CTAProject" */;
			compatibilityVersion = "Xcode 13.0";
			developmentRegion = en;
			hasScannedForEncodings = 0;
			knownRegions = (
				en,
				Base,
			);
			mainGroup = 53D3026727806068009C118B;
			productRefGroup = 53D3027127806068009C118B /* Products */;
			projectDirPath = "";
			projectRoot = "";
			targets = (
				53D3026F27806068009C118B /* CTAProject */,
				53D3028527806069009C118B /* CTAProjectTests */,
				53D3028F27806069009C118B /* CTAProjectUITests */,
			);
		};
/* End PBXProject section */

/* Begin PBXResourcesBuildPhase section */
		53D3026E27806068009C118B /* Resources */ = {
			isa = PBXResourcesBuildPhase;
			buildActionMask = 2147483647;
			files = (
				53D3028027806069009C118B /* LaunchScreen.storyboard in Resources */,
				53D3027D27806069009C118B /* Assets.xcassets in Resources */,
				53D3027B27806068009C118B /* Main.storyboard in Resources */,
			);
			runOnlyForDeploymentPostprocessing = 0;
		};
		53D3028427806069009C118B /* Resources */ = {
			isa = PBXResourcesBuildPhase;
			buildActionMask = 2147483647;
			files = (
			);
			runOnlyForDeploymentPostprocessing = 0;
		};
		53D3028E27806069009C118B /* Resources */ = {
			isa = PBXResourcesBuildPhase;
			buildActionMask = 2147483647;
			files = (
			);
			runOnlyForDeploymentPostprocessing = 0;
		};
/* End PBXResourcesBuildPhase section */

/* Begin PBXSourcesBuildPhase section */
		53D3026C27806068009C118B /* Sources */ = {
			isa = PBXSourcesBuildPhase;
			buildActionMask = 2147483647;
			files = (
				53D3027827806068009C118B /* ViewController.swift in Sources */,
				53D3027427806068009C118B /* AppDelegate.swift in Sources */,
				53D3027627806068009C118B /* SceneDelegate.swift in Sources */,
			);
			runOnlyForDeploymentPostprocessing = 0;
		};
		53D3028227806069009C118B /* Sources */ = {
			isa = PBXSourcesBuildPhase;
			buildActionMask = 2147483647;
			files = (
				53D3028B27806069009C118B /* CTAProjectTests.swift in Sources */,
			);
			runOnlyForDeploymentPostprocessing = 0;
		};
		53D3028C27806069009C118B /* Sources */ = {
			isa = PBXSourcesBuildPhase;
			buildActionMask = 2147483647;
			files = (
				53D3029527806069009C118B /* CTAProjectUITests.swift in Sources */,
				53D3029727806069009C118B /* CTAProjectUITestsLaunchTests.swift in Sources */,
			);
			runOnlyForDeploymentPostprocessing = 0;
		};
/* End PBXSourcesBuildPhase section */

/* Begin PBXTargetDependency section */
		53D3028827806069009C118B /* PBXTargetDependency */ = {
			isa = PBXTargetDependency;
			target = 53D3026F27806068009C118B /* CTAProject */;
			targetProxy = 53D3028727806069009C118B /* PBXContainerItemProxy */;
		};
		53D3029227806069009C118B /* PBXTargetDependency */ = {
			isa = PBXTargetDependency;
			target = 53D3026F27806068009C118B /* CTAProject */;
			targetProxy = 53D3029127806069009C118B /* PBXContainerItemProxy */;
		};
/* End PBXTargetDependency section */

/* Begin PBXVariantGroup section */
		53D3027927806068009C118B /* Main.storyboard */ = {
			isa = PBXVariantGroup;
			children = (
				53D3027A27806068009C118B /* Base */,
			);
			name = Main.storyboard;
			sourceTree = "<group>";
		};
		53D3027E27806069009C118B /* LaunchScreen.storyboard */ = {
			isa = PBXVariantGroup;
			children = (
				53D3027F27806069009C118B /* Base */,
			);
			name = LaunchScreen.storyboard;
			sourceTree = "<group>";
		};
/* End PBXVariantGroup section */

/* Begin XCBuildConfiguration section */
		53D3029827806069009C118B /* Debug */ = {
			isa = XCBuildConfiguration;
			buildSettings = {
				ALWAYS_SEARCH_USER_PATHS = NO;
				CLANG_ANALYZER_NONNULL = YES;
				CLANG_ANALYZER_NUMBER_OBJECT_CONVERSION = YES_AGGRESSIVE;
				CLANG_CXX_LANGUAGE_STANDARD = "gnu++17";
				CLANG_CXX_LIBRARY = "libc++";
				CLANG_ENABLE_MODULES = YES;
				CLANG_ENABLE_OBJC_ARC = YES;
				CLANG_ENABLE_OBJC_WEAK = YES;
				CLANG_WARN_BLOCK_CAPTURE_AUTORELEASING = YES;
				CLANG_WARN_BOOL_CONVERSION = YES;
				CLANG_WARN_COMMA = YES;
				CLANG_WARN_CONSTANT_CONVERSION = YES;
				CLANG_WARN_DEPRECATED_OBJC_IMPLEMENTATIONS = YES;
				CLANG_WARN_DIRECT_OBJC_ISA_USAGE = YES_ERROR;
				CLANG_WARN_DOCUMENTATION_COMMENTS = YES;
				CLANG_WARN_EMPTY_BODY = YES;
				CLANG_WARN_ENUM_CONVERSION = YES;
				CLANG_WARN_INFINITE_RECURSION = YES;
				CLANG_WARN_INT_CONVERSION = YES;
				CLANG_WARN_NON_LITERAL_NULL_CONVERSION = YES;
				CLANG_WARN_OBJC_IMPLICIT_RETAIN_SELF = YES;
				CLANG_WARN_OBJC_LITERAL_CONVERSION = YES;
				CLANG_WARN_OBJC_ROOT_CLASS = YES_ERROR;
				CLANG_WARN_QUOTED_INCLUDE_IN_FRAMEWORK_HEADER = YES;
				CLANG_WARN_RANGE_LOOP_ANALYSIS = YES;
				CLANG_WARN_STRICT_PROTOTYPES = YES;
				CLANG_WARN_SUSPICIOUS_MOVE = YES;
				CLANG_WARN_UNGUARDED_AVAILABILITY = YES_AGGRESSIVE;
				CLANG_WARN_UNREACHABLE_CODE = YES;
				CLANG_WARN__DUPLICATE_METHOD_MATCH = YES;
				COPY_PHASE_STRIP = NO;
				DEBUG_INFORMATION_FORMAT = dwarf;
				ENABLE_STRICT_OBJC_MSGSEND = YES;
				ENABLE_TESTABILITY = YES;
				GCC_C_LANGUAGE_STANDARD = gnu11;
				GCC_DYNAMIC_NO_PIC = NO;
				GCC_NO_COMMON_BLOCKS = YES;
				GCC_OPTIMIZATION_LEVEL = 0;
				GCC_PREPROCESSOR_DEFINITIONS = (
					"DEBUG=1",
					"$(inherited)",
				);
				GCC_WARN_64_TO_32_BIT_CONVERSION = YES;
				GCC_WARN_ABOUT_RETURN_TYPE = YES_ERROR;
				GCC_WARN_UNDECLARED_SELECTOR = YES;
				GCC_WARN_UNINITIALIZED_AUTOS = YES_AGGRESSIVE;
				GCC_WARN_UNUSED_FUNCTION = YES;
				GCC_WARN_UNUSED_VARIABLE = YES;
				IPHONEOS_DEPLOYMENT_TARGET = 15.2;
				MTL_ENABLE_DEBUG_INFO = INCLUDE_SOURCE;
				MTL_FAST_MATH = YES;
				ONLY_ACTIVE_ARCH = YES;
				SDKROOT = iphoneos;
				SWIFT_ACTIVE_COMPILATION_CONDITIONS = DEBUG;
				SWIFT_OPTIMIZATION_LEVEL = "-Onone";
			};
			name = Debug;
		};
		53D3029927806069009C118B /* Release */ = {
			isa = XCBuildConfiguration;
			buildSettings = {
				ALWAYS_SEARCH_USER_PATHS = NO;
				CLANG_ANALYZER_NONNULL = YES;
				CLANG_ANALYZER_NUMBER_OBJECT_CONVERSION = YES_AGGRESSIVE;
				CLANG_CXX_LANGUAGE_STANDARD = "gnu++17";
				CLANG_CXX_LIBRARY = "libc++";
				CLANG_ENABLE_MODULES = YES;
				CLANG_ENABLE_OBJC_ARC = YES;
				CLANG_ENABLE_OBJC_WEAK = YES;
				CLANG_WARN_BLOCK_CAPTURE_AUTORELEASING = YES;
				CLANG_WARN_BOOL_CONVERSION = YES;
				CLANG_WARN_COMMA = YES;
				CLANG_WARN_CONSTANT_CONVERSION = YES;
				CLANG_WARN_DEPRECATED_OBJC_IMPLEMENTATIONS = YES;
				CLANG_WARN_DIRECT_OBJC_ISA_USAGE = YES_ERROR;
				CLANG_WARN_DOCUMENTATION_COMMENTS = YES;
				CLANG_WARN_EMPTY_BODY = YES;
				CLANG_WARN_ENUM_CONVERSION = YES;
				CLANG_WARN_INFINITE_RECURSION = YES;
				CLANG_WARN_INT_CONVERSION = YES;
				CLANG_WARN_NON_LITERAL_NULL_CONVERSION = YES;
				CLANG_WARN_OBJC_IMPLICIT_RETAIN_SELF = YES;
				CLANG_WARN_OBJC_LITERAL_CONVERSION = YES;
				CLANG_WARN_OBJC_ROOT_CLASS = YES_ERROR;
				CLANG_WARN_QUOTED_INCLUDE_IN_FRAMEWORK_HEADER = YES;
				CLANG_WARN_RANGE_LOOP_ANALYSIS = YES;
				CLANG_WARN_STRICT_PROTOTYPES = YES;
				CLANG_WARN_SUSPICIOUS_MOVE = YES;
				CLANG_WARN_UNGUARDED_AVAILABILITY = YES_AGGRESSIVE;
				CLANG_WARN_UNREACHABLE_CODE = YES;
				CLANG_WARN__DUPLICATE_METHOD_MATCH = YES;
				COPY_PHASE_STRIP = NO;
				DEBUG_INFORMATION_FORMAT = "dwarf-with-dsym";
				ENABLE_NS_ASSERTIONS = NO;
				ENABLE_STRICT_OBJC_MSGSEND = YES;
				GCC_C_LANGUAGE_STANDARD = gnu11;
				GCC_NO_COMMON_BLOCKS = YES;
				GCC_WARN_64_TO_32_BIT_CONVERSION = YES;
				GCC_WARN_ABOUT_RETURN_TYPE = YES_ERROR;
				GCC_WARN_UNDECLARED_SELECTOR = YES;
				GCC_WARN_UNINITIALIZED_AUTOS = YES_AGGRESSIVE;
				GCC_WARN_UNUSED_FUNCTION = YES;
				GCC_WARN_UNUSED_VARIABLE = YES;
				IPHONEOS_DEPLOYMENT_TARGET = 15.2;
				MTL_ENABLE_DEBUG_INFO = NO;
				MTL_FAST_MATH = YES;
				SDKROOT = iphoneos;
				SWIFT_COMPILATION_MODE = wholemodule;
				SWIFT_OPTIMIZATION_LEVEL = "-O";
				VALIDATE_PRODUCT = YES;
			};
			name = Release;
		};
		53D3029B27806069009C118B /* Debug */ = {
			isa = XCBuildConfiguration;
			buildSettings = {
				ASSETCATALOG_COMPILER_APPICON_NAME = AppIcon;
				ASSETCATALOG_COMPILER_GLOBAL_ACCENT_COLOR_NAME = AccentColor;
				CODE_SIGN_STYLE = Automatic;
				CURRENT_PROJECT_VERSION = 1;
				DEVELOPMENT_TEAM = L496FTQGL3;
				GENERATE_INFOPLIST_FILE = YES;
				INFOPLIST_FILE = CTAProject/Info.plist;
				INFOPLIST_KEY_UIApplicationSupportsIndirectInputEvents = YES;
				INFOPLIST_KEY_UILaunchStoryboardName = LaunchScreen;
				INFOPLIST_KEY_UIMainStoryboardFile = Main;
				INFOPLIST_KEY_UISupportedInterfaceOrientations_iPad = "UIInterfaceOrientationPortrait UIInterfaceOrientationPortraitUpsideDown UIInterfaceOrientationLandscapeLeft UIInterfaceOrientationLandscapeRight";
				INFOPLIST_KEY_UISupportedInterfaceOrientations_iPhone = "UIInterfaceOrientationPortrait UIInterfaceOrientationLandscapeLeft UIInterfaceOrientationLandscapeRight";
				LD_RUNPATH_SEARCH_PATHS = (
					"$(inherited)",
					"@executable_path/Frameworks",
				);
				MARKETING_VERSION = 1.0;
				PRODUCT_BUNDLE_IDENTIFIER = com.hoge.CTAProject;
				PRODUCT_NAME = "$(TARGET_NAME)";
				SWIFT_EMIT_LOC_STRINGS = YES;
				SWIFT_VERSION = 5.0;
				TARGETED_DEVICE_FAMILY = "1,2";
			};
			name = Debug;
		};
		53D3029C27806069009C118B /* Release */ = {
			isa = XCBuildConfiguration;
			buildSettings = {
				ASSETCATALOG_COMPILER_APPICON_NAME = AppIcon;
				ASSETCATALOG_COMPILER_GLOBAL_ACCENT_COLOR_NAME = AccentColor;
				CODE_SIGN_STYLE = Automatic;
				CURRENT_PROJECT_VERSION = 1;
				DEVELOPMENT_TEAM = L496FTQGL3;
				GENERATE_INFOPLIST_FILE = YES;
				INFOPLIST_FILE = CTAProject/Info.plist;
				INFOPLIST_KEY_UIApplicationSupportsIndirectInputEvents = YES;
				INFOPLIST_KEY_UILaunchStoryboardName = LaunchScreen;
				INFOPLIST_KEY_UIMainStoryboardFile = Main;
				INFOPLIST_KEY_UISupportedInterfaceOrientations_iPad = "UIInterfaceOrientationPortrait UIInterfaceOrientationPortraitUpsideDown UIInterfaceOrientationLandscapeLeft UIInterfaceOrientationLandscapeRight";
				INFOPLIST_KEY_UISupportedInterfaceOrientations_iPhone = "UIInterfaceOrientationPortrait UIInterfaceOrientationLandscapeLeft UIInterfaceOrientationLandscapeRight";
				LD_RUNPATH_SEARCH_PATHS = (
					"$(inherited)",
					"@executable_path/Frameworks",
				);
				MARKETING_VERSION = 1.0;
				PRODUCT_BUNDLE_IDENTIFIER = com.hoge.CTAProject;
				PRODUCT_NAME = "$(TARGET_NAME)";
				SWIFT_EMIT_LOC_STRINGS = YES;
				SWIFT_VERSION = 5.0;
				TARGETED_DEVICE_FAMILY = "1,2";
			};
			name = Release;
		};
		53D3029E27806069009C118B /* Debug */ = {
			isa = XCBuildConfiguration;
			buildSettings = {
				ALWAYS_EMBED_SWIFT_STANDARD_LIBRARIES = YES;
				BUNDLE_LOADER = "$(TEST_HOST)";
				CODE_SIGN_STYLE = Automatic;
				CURRENT_PROJECT_VERSION = 1;
				DEVELOPMENT_TEAM = L496FTQGL3;
				GENERATE_INFOPLIST_FILE = YES;
				IPHONEOS_DEPLOYMENT_TARGET = 15.2;
				MARKETING_VERSION = 1.0;
				PRODUCT_BUNDLE_IDENTIFIER = com.hoge.CTAProjectTests;
				PRODUCT_NAME = "$(TARGET_NAME)";
				SWIFT_EMIT_LOC_STRINGS = NO;
				SWIFT_VERSION = 5.0;
				TARGETED_DEVICE_FAMILY = "1,2";
				TEST_HOST = "$(BUILT_PRODUCTS_DIR)/CTAProject.app/CTAProject";
			};
			name = Debug;
		};
		53D3029F27806069009C118B /* Release */ = {
			isa = XCBuildConfiguration;
			buildSettings = {
				ALWAYS_EMBED_SWIFT_STANDARD_LIBRARIES = YES;
				BUNDLE_LOADER = "$(TEST_HOST)";
				CODE_SIGN_STYLE = Automatic;
				CURRENT_PROJECT_VERSION = 1;
				DEVELOPMENT_TEAM = L496FTQGL3;
				GENERATE_INFOPLIST_FILE = YES;
				IPHONEOS_DEPLOYMENT_TARGET = 15.2;
				MARKETING_VERSION = 1.0;
				PRODUCT_BUNDLE_IDENTIFIER = com.hoge.CTAProjectTests;
				PRODUCT_NAME = "$(TARGET_NAME)";
				SWIFT_EMIT_LOC_STRINGS = NO;
				SWIFT_VERSION = 5.0;
				TARGETED_DEVICE_FAMILY = "1,2";
				TEST_HOST = "$(BUILT_PRODUCTS_DIR)/CTAProject.app/CTAProject";
			};
			name = Release;
		};
		53D302A127806069009C118B /* Debug */ = {
			isa = XCBuildConfiguration;
			buildSettings = {
				ALWAYS_EMBED_SWIFT_STANDARD_LIBRARIES = YES;
				CODE_SIGN_STYLE = Automatic;
				CURRENT_PROJECT_VERSION = 1;
				DEVELOPMENT_TEAM = L496FTQGL3;
				GENERATE_INFOPLIST_FILE = YES;
				MARKETING_VERSION = 1.0;
				PRODUCT_BUNDLE_IDENTIFIER = com.hoge.CTAProjectUITests;
				PRODUCT_NAME = "$(TARGET_NAME)";
				SWIFT_EMIT_LOC_STRINGS = NO;
				SWIFT_VERSION = 5.0;
				TARGETED_DEVICE_FAMILY = "1,2";
				TEST_TARGET_NAME = CTAProject;
			};
			name = Debug;
		};
		53D302A227806069009C118B /* Release */ = {
			isa = XCBuildConfiguration;
			buildSettings = {
				ALWAYS_EMBED_SWIFT_STANDARD_LIBRARIES = YES;
				CODE_SIGN_STYLE = Automatic;
				CURRENT_PROJECT_VERSION = 1;
				DEVELOPMENT_TEAM = L496FTQGL3;
				GENERATE_INFOPLIST_FILE = YES;
				MARKETING_VERSION = 1.0;
				PRODUCT_BUNDLE_IDENTIFIER = com.hoge.CTAProjectUITests;
				PRODUCT_NAME = "$(TARGET_NAME)";
				SWIFT_EMIT_LOC_STRINGS = NO;
				SWIFT_VERSION = 5.0;
				TARGETED_DEVICE_FAMILY = "1,2";
				TEST_TARGET_NAME = CTAProject;
			};
			name = Release;
		};
/* End XCBuildConfiguration section */

/* Begin XCConfigurationList section */
		53D3026B27806068009C118B /* Build configuration list for PBXProject "CTAProject" */ = {
			isa = XCConfigurationList;
			buildConfigurations = (
				53D3029827806069009C118B /* Debug */,
				53D3029927806069009C118B /* Release */,
			);
			defaultConfigurationIsVisible = 0;
			defaultConfigurationName = Release;
		};
		53D3029A27806069009C118B /* Build configuration list for PBXNativeTarget "CTAProject" */ = {
			isa = XCConfigurationList;
			buildConfigurations = (
				53D3029B27806069009C118B /* Debug */,
				53D3029C27806069009C118B /* Release */,
			);
			defaultConfigurationIsVisible = 0;
			defaultConfigurationName = Release;
		};
		53D3029D27806069009C118B /* Build configuration list for PBXNativeTarget "CTAProjectTests" */ = {
			isa = XCConfigurationList;
			buildConfigurations = (
				53D3029E27806069009C118B /* Debug */,
				53D3029F27806069009C118B /* Release */,
			);
			defaultConfigurationIsVisible = 0;
			defaultConfigurationName = Release;
		};
		53D302A027806069009C118B /* Build configuration list for PBXNativeTarget "CTAProjectUITests" */ = {
			isa = XCConfigurationList;
			buildConfigurations = (
				53D302A127806069009C118B /* Debug */,
				53D302A227806069009C118B /* Release */,
			);
			defaultConfigurationIsVisible = 0;
			defaultConfigurationName = Release;
		};
/* End XCConfigurationList section */
	};
	rootObject = 53D3026827806068009C118B /* Project object */;
}
